
Microsoft Visual Studio Solution File, Format Version 12.00
# Visual Studio Version 16
VisualStudioVersion = 16.0.31321.278
MinimumVisualStudioVersion = 10.0.40219.1
Project("{FAE04EC0-301F-11D3-BF4B-00C04F79EFBC}") = "Threading", "Threading\Threading.csproj", "{9981B62D-95C0-437B-A1D5-53E0EA0B70BC}"
EndProject
Global
	GlobalSection(SolutionConfigurationPlatforms) = preSolution
		Debug|Any CPU = Debug|Any CPU
		Release|Any CPU = Release|Any CPU
	EndGlobalSection
	GlobalSection(ProjectConfigurationPlatforms) = postSolution
		{9981B62D-95C0-437B-A1D5-53E0EA0B70BC}.Debug|Any CPU.ActiveCfg = Debug|Any CPU
		{9981B62D-95C0-437B-A1D5-53E0EA0B70BC}.Debug|Any CPU.Build.0 = Debug|Any CPU
		{9981B62D-95C0-437B-A1D5-53E0EA0B70BC}.Release|Any CPU.ActiveCfg = Release|Any CPU
		{9981B62D-95C0-437B-A1D5-53E0EA0B70BC}.Release|Any CPU.Build.0 = Release|Any CPU
	EndGlobalSection
	GlobalSection(SolutionProperties) = preSolution
		HideSolutionNode = FALSE
	EndGlobalSection
	GlobalSection(ExtensibilityGlobals) = postSolution
		SolutionGuid = {44E04443-B8D7-4630-843E-60B59D0B1C0D}
	EndGlobalSection
EndGlobal
